{
  "object": {
    "pins": [
      {
        "package": "FunOptics",
        "repositoryURL": "https://github.com/inamiy/FunOptics",
        "state": {
          "branch": null,
          "revision": "513edc98c32cd5a5ce4375da2b8cec77602c4989",
          "version": "1.0.3"
        }
      },
      {
        "package": "Harvest",
        "repositoryURL": "https://github.com/inamiy/Harvest",
        "state": {
          "branch": "master",
          "revision": "9122239f1f52b9979e160f54705f9e8f4004ae3b",
          "version": null
        }
      }
    ]
  },
  "version": 1
}
