{
  "object": {
    "pins": [
      {
        "package": "FunOptics",
        "repositoryURL": "https://github.com/inamiy/FunOptics",
        "state": {
          "branch": null,
          "revision": "6fe4e61254dcbf3b773b38e871df4d1df7f2b685",
          "version": "1.0.4"
        }
      },
      {
        "package": "Harvest",
        "repositoryURL": "https://github.com/inamiy/Harvest",
        "state": {
          "branch": "master",
          "revision": "cc1236233eb71a87da35283262d5a166931af28d",
          "version": null
        }
      }
    ]
  },
  "version": 1
}
